
Microsoft Visual Studio Solution File, Format Version 12.00
# Visual Studio Version 17
VisualStudioVersion = 17.14.36414.22 d17.14
MinimumVisualStudioVersion = 10.0.40219.1
Project("{FAE04EC0-301F-11D3-BF4B-00C04F79EFBC}") = "Nk_Colletion_New", "Nk_Colletion_New.csproj", "{274B66D4-B37F-4B4E-83FC-6A0453B765A9}"
EndProject
Global
	GlobalSection(SolutionConfigurationPlatforms) = preSolution
		Debug|Any CPU = Debug|Any CPU
		Release|Any CPU = Release|Any CPU
	EndGlobalSection
	GlobalSection(ProjectConfigurationPlatforms) = postSolution
		{274B66D4-B37F-4B4E-83FC-6A0453B765A9}.Debug|Any CPU.ActiveCfg = Debug|Any CPU
		{274B66D4-B37F-4B4E-83FC-6A0453B765A9}.Debug|Any CPU.Build.0 = Debug|Any CPU
		{274B66D4-B37F-4B4E-83FC-6A0453B765A9}.Release|Any CPU.ActiveCfg = Release|Any CPU
		{274B66D4-B37F-4B4E-83FC-6A0453B765A9}.Release|Any CPU.Build.0 = Release|Any CPU
	EndGlobalSection
	GlobalSection(SolutionProperties) = preSolution
		HideSolutionNode = FALSE
	EndGlobalSection
	GlobalSection(ExtensibilityGlobals) = postSolution
		SolutionGuid = {0D5B2786-2BFE-4997-97D0-AA83E4EB0D23}
	EndGlobalSection
EndGlobal
